
Microsoft Visual Studio Solution File, Format Version 12.00
# Visual Studio 2012
Project("{FAE04EC0-301F-11D3-BF4B-00C04F79EFBC}") = "OnlineFruitShop", "OnlineFruitShop\OnlineFruitShop.csproj", "{725C9D4A-A28C-4CEA-BD4F-3A84F6DC8ED6}"
EndProject
Project("{FAE04EC0-301F-11D3-BF4B-00C04F79EFBC}") = "OnlineShopWcfServices", "OnlineShopWcfServices\OnlineShopWcfServices.csproj", "{274577A1-27D3-4C5E-8CB7-DC246206916A}"
EndProject
Project("{2150E333-8FDC-42A3-9474-1A3956D46DE8}") = "01-Web", "01-Web", "{FA5F6D89-9793-43D5-91A9-F823AFF81966}"
EndProject
Project("{2150E333-8FDC-42A3-9474-1A3956D46DE8}") = "02-Services", "02-Services", "{81BF15C9-1060-40B1-B198-249084F0E9EA}"
EndProject
Project("{FAE04EC0-301F-11D3-BF4B-00C04F79EFBC}") = "Core", "Core\Core.csproj", "{48ACD1D2-3FBD-47ED-918D-3CED12338489}"
EndProject
Project("{2150E333-8FDC-42A3-9474-1A3956D46DE8}") = "05-Core", "05-Core", "{0B67F30F-F09B-4CF9-9C25-F5C12B0B7A8D}"
EndProject
Project("{FAE04EC0-301F-11D3-BF4B-00C04F79EFBC}") = "Domain", "Domain\Domain.csproj", "{F6F62D12-670F-4974-8CB1-F4B15AEE25FB}"
EndProject
Project("{FAE04EC0-301F-11D3-BF4B-00C04F79EFBC}") = "Infrastructure", "Infrastructure\Infrastructure.csproj", "{902E0585-FA4E-4522-BB64-3FAB58AA4B41}"
EndProject
Project("{2150E333-8FDC-42A3-9474-1A3956D46DE8}") = "03-Infrastructure", "03-Infrastructure", "{E7D1F702-D874-4156-9AEC-FEDCB8ACD267}"
EndProject
Project("{2150E333-8FDC-42A3-9474-1A3956D46DE8}") = "04-Domain", "04-Domain", "{DDF7ECC9-C2D7-4C5B-973C-765456F3B25B}"
EndProject
Project("{FAE04EC0-301F-11D3-BF4B-00C04F79EFBC}") = "OnlineServicesTest", "OnlineServicesTest\OnlineServicesTest.csproj", "{01043A7C-88B8-4FA1-838A-DBF22FEFD605}"
EndProject
Global
	GlobalSection(SolutionConfigurationPlatforms) = preSolution
		Debug|Any CPU = Debug|Any CPU
		Release|Any CPU = Release|Any CPU
	EndGlobalSection
	GlobalSection(ProjectConfigurationPlatforms) = postSolution
		{725C9D4A-A28C-4CEA-BD4F-3A84F6DC8ED6}.Debug|Any CPU.ActiveCfg = Debug|Any CPU
		{725C9D4A-A28C-4CEA-BD4F-3A84F6DC8ED6}.Debug|Any CPU.Build.0 = Debug|Any CPU
		{725C9D4A-A28C-4CEA-BD4F-3A84F6DC8ED6}.Release|Any CPU.ActiveCfg = Release|Any CPU
		{725C9D4A-A28C-4CEA-BD4F-3A84F6DC8ED6}.Release|Any CPU.Build.0 = Release|Any CPU
		{274577A1-27D3-4C5E-8CB7-DC246206916A}.Debug|Any CPU.ActiveCfg = Debug|Any CPU
		{274577A1-27D3-4C5E-8CB7-DC246206916A}.Debug|Any CPU.Build.0 = Debug|Any CPU
		{274577A1-27D3-4C5E-8CB7-DC246206916A}.Release|Any CPU.ActiveCfg = Release|Any CPU
		{274577A1-27D3-4C5E-8CB7-DC246206916A}.Release|Any CPU.Build.0 = Release|Any CPU
		{48ACD1D2-3FBD-47ED-918D-3CED12338489}.Debug|Any CPU.ActiveCfg = Debug|Any CPU
		{48ACD1D2-3FBD-47ED-918D-3CED12338489}.Debug|Any CPU.Build.0 = Debug|Any CPU
		{48ACD1D2-3FBD-47ED-918D-3CED12338489}.Release|Any CPU.ActiveCfg = Release|Any CPU
		{48ACD1D2-3FBD-47ED-918D-3CED12338489}.Release|Any CPU.Build.0 = Release|Any CPU
		{F6F62D12-670F-4974-8CB1-F4B15AEE25FB}.Debug|Any CPU.ActiveCfg = Debug|Any CPU
		{F6F62D12-670F-4974-8CB1-F4B15AEE25FB}.Debug|Any CPU.Build.0 = Debug|Any CPU
		{F6F62D12-670F-4974-8CB1-F4B15AEE25FB}.Release|Any CPU.ActiveCfg = Release|Any CPU
		{F6F62D12-670F-4974-8CB1-F4B15AEE25FB}.Release|Any CPU.Build.0 = Release|Any CPU
		{902E0585-FA4E-4522-BB64-3FAB58AA4B41}.Debug|Any CPU.ActiveCfg = Debug|Any CPU
		{902E0585-FA4E-4522-BB64-3FAB58AA4B41}.Debug|Any CPU.Build.0 = Debug|Any CPU
		{902E0585-FA4E-4522-BB64-3FAB58AA4B41}.Release|Any CPU.ActiveCfg = Release|Any CPU
		{902E0585-FA4E-4522-BB64-3FAB58AA4B41}.Release|Any CPU.Build.0 = Release|Any CPU
		{01043A7C-88B8-4FA1-838A-DBF22FEFD605}.Debug|Any CPU.ActiveCfg = Debug|Any CPU
		{01043A7C-88B8-4FA1-838A-DBF22FEFD605}.Debug|Any CPU.Build.0 = Debug|Any CPU
		{01043A7C-88B8-4FA1-838A-DBF22FEFD605}.Release|Any CPU.ActiveCfg = Release|Any CPU
		{01043A7C-88B8-4FA1-838A-DBF22FEFD605}.Release|Any CPU.Build.0 = Release|Any CPU
	EndGlobalSection
	GlobalSection(SolutionProperties) = preSolution
		HideSolutionNode = FALSE
	EndGlobalSection
	GlobalSection(NestedProjects) = preSolution
		{725C9D4A-A28C-4CEA-BD4F-3A84F6DC8ED6} = {FA5F6D89-9793-43D5-91A9-F823AFF81966}
		{274577A1-27D3-4C5E-8CB7-DC246206916A} = {81BF15C9-1060-40B1-B198-249084F0E9EA}
		{48ACD1D2-3FBD-47ED-918D-3CED12338489} = {0B67F30F-F09B-4CF9-9C25-F5C12B0B7A8D}
		{902E0585-FA4E-4522-BB64-3FAB58AA4B41} = {E7D1F702-D874-4156-9AEC-FEDCB8ACD267}
		{F6F62D12-670F-4974-8CB1-F4B15AEE25FB} = {DDF7ECC9-C2D7-4C5B-973C-765456F3B25B}
	EndGlobalSection
EndGlobal
